
Microsoft Visual Studio Solution File, Format Version 12.00
# Visual Studio Version 16
VisualStudioVersion = 16.0.30330.147
MinimumVisualStudioVersion = 10.0.40219.1
Project("{FAE04EC0-301F-11D3-BF4B-00C04F79EFBC}") = "src", "src.csproj", "{0D5A8ED3-94F4-4553-8765-F4D4B5D84896}"
EndProject
Project("{FAE04EC0-301F-11D3-BF4B-00C04F79EFBC}") = "tests", "..\tests\tests.csproj", "{29C20AF8-D794-49C4-9612-BDEADF7AE340}"
EndProject
Global
	GlobalSection(SolutionConfigurationPlatforms) = preSolution
		Debug|Any CPU = Debug|Any CPU
		Release|Any CPU = Release|Any CPU
	EndGlobalSection
	GlobalSection(ProjectConfigurationPlatforms) = postSolution
		{0D5A8ED3-94F4-4553-8765-F4D4B5D84896}.Debug|Any CPU.ActiveCfg = Debug|Any CPU
		{0D5A8ED3-94F4-4553-8765-F4D4B5D84896}.Debug|Any CPU.Build.0 = Debug|Any CPU
		{0D5A8ED3-94F4-4553-8765-F4D4B5D84896}.Release|Any CPU.ActiveCfg = Release|Any CPU
		{0D5A8ED3-94F4-4553-8765-F4D4B5D84896}.Release|Any CPU.Build.0 = Release|Any CPU
		{29C20AF8-D794-49C4-9612-BDEADF7AE340}.Debug|Any CPU.ActiveCfg = Debug|Any CPU
		{29C20AF8-D794-49C4-9612-BDEADF7AE340}.Debug|Any CPU.Build.0 = Debug|Any CPU
		{29C20AF8-D794-49C4-9612-BDEADF7AE340}.Release|Any CPU.ActiveCfg = Release|Any CPU
		{29C20AF8-D794-49C4-9612-BDEADF7AE340}.Release|Any CPU.Build.0 = Release|Any CPU
	EndGlobalSection
	GlobalSection(SolutionProperties) = preSolution
		HideSolutionNode = FALSE
	EndGlobalSection
	GlobalSection(ExtensibilityGlobals) = postSolution
		SolutionGuid = {EA54104E-40CC-4849-A5EC-25F21D78A660}
	EndGlobalSection
EndGlobal
